{
  "requires": true,
  "lockfileVersion": 1,
  "dependencies": {
    "@types/vue": {
      "version": "2.0.0",
      "resolved": "https://registry.npmjs.org/@types/vue/-/vue-2.0.0.tgz",
      "integrity": "sha1-7Hez2JWR3rnKXLBSNoqpwyvgiOc=",
      "requires": {
        "vue": "*"
      }
    },
    "vue": {
      "version": "2.6.11",
      "resolved": "https://registry.npmjs.org/vue/-/vue-2.6.11.tgz",
      "integrity": "sha512-VfPwgcGABbGAue9+sfrD4PuwFar7gPb1yl1UK1MwXoQPAw0BKSqWfoYCT/ThFrdEVWoI51dBuyCoiNU9bZDZxQ=="
    }
  }
}
